// !$*UTF8*$!
{
	archiveVersion = 1;
	classes = {
	};
	objectVersion = 50;
	objects = {

/* Begin PBXBuildFile section */
		0CAB44A5D62BB0FE8FBE7204 /* libPods-StartUniversity.a in Frameworks */ = {isa = PBXBuildFile; fileRef = 7456185EE839BCECE4675729 /* libPods-StartUniversity.a */; };
		4F121AB620D0EC23009FD25F /* AppDelegate.m in Sources */ = {isa = PBXBuildFile; fileRef = 4F121AB520D0EC23009FD25F /* AppDelegate.m */; };
		4F121ABE20D0EC24009FD25F /* Assets.xcassets in Resources */ = {isa = PBXBuildFile; fileRef = 4F121ABD20D0EC24009FD25F /* Assets.xcassets */; };
		4F121AC120D0EC24009FD25F /* LaunchScreen.storyboard in Resources */ = {isa = PBXBuildFile; fileRef = 4F121ABF20D0EC24009FD25F /* LaunchScreen.storyboard */; };
		4F121AC420D0EC24009FD25F /* main.m in Sources */ = {isa = PBXBuildFile; fileRef = 4F121AC320D0EC24009FD25F /* main.m */; };
		4F121ACE20D0EC24009FD25F /* StartUniversityTests.m in Sources */ = {isa = PBXBuildFile; fileRef = 4F121ACD20D0EC24009FD25F /* StartUniversityTests.m */; };
		4F121AD920D0EC24009FD25F /* StartUniversityUITests.m in Sources */ = {isa = PBXBuildFile; fileRef = 4F121AD820D0EC24009FD25F /* StartUniversityUITests.m */; };
		4F121AE920D0EE7B009FD25F /* SUMainTabBarController.m in Sources */ = {isa = PBXBuildFile; fileRef = 4F121AE820D0EE7B009FD25F /* SUMainTabBarController.m */; };
		4F121AEF20D0EFA2009FD25F /* SUPersonalCenterViewController.m in Sources */ = {isa = PBXBuildFile; fileRef = 4F121AEE20D0EFA2009FD25F /* SUPersonalCenterViewController.m */; };
		4F121AF320D0EFE6009FD25F /* SUMessageViewController.m in Sources */ = {isa = PBXBuildFile; fileRef = 4F121AF220D0EFE6009FD25F /* SUMessageViewController.m */; };
		4F121AF620D0F00C009FD25F /* SUCircleFriendsViewController.m in Sources */ = {isa = PBXBuildFile; fileRef = 4F121AF520D0F00C009FD25F /* SUCircleFriendsViewController.m */; };
		4F121AF920D0FBDE009FD25F /* SUBasicViewController.m in Sources */ = {isa = PBXBuildFile; fileRef = 4F121AF820D0FBDE009FD25F /* SUBasicViewController.m */; };
/* End PBXBuildFile section */

/* Begin PBXContainerItemProxy section */
		4F121ACA20D0EC24009FD25F /* PBXContainerItemProxy */ = {
			isa = PBXContainerItemProxy;
			containerPortal = 4F121AA920D0EC23009FD25F /* Project object */;
			proxyType = 1;
			remoteGlobalIDString = 4F121AB020D0EC23009FD25F;
			remoteInfo = StartUniversity;
		};
		4F121AD520D0EC24009FD25F /* PBXContainerItemProxy */ = {
			isa = PBXContainerItemProxy;
			containerPortal = 4F121AA920D0EC23009FD25F /* Project object */;
			proxyType = 1;
			remoteGlobalIDString = 4F121AB020D0EC23009FD25F;
			remoteInfo = StartUniversity;
		};
/* End PBXContainerItemProxy section */

/* Begin PBXFileReference section */
		4F121AB120D0EC23009FD25F /* StartUniversity.app */ = {isa = PBXFileReference; explicitFileType = wrapper.application; includeInIndex = 0; path = StartUniversity.app; sourceTree = BUILT_PRODUCTS_DIR; };
		4F121AB420D0EC23009FD25F /* AppDelegate.h */ = {isa = PBXFileReference; lastKnownFileType = sourcecode.c.h; path = AppDelegate.h; sourceTree = "<group>"; };
		4F121AB520D0EC23009FD25F /* AppDelegate.m */ = {isa = PBXFileReference; lastKnownFileType = sourcecode.c.objc; path = AppDelegate.m; sourceTree = "<group>"; };
		4F121ABD20D0EC24009FD25F /* Assets.xcassets */ = {isa = PBXFileReference; lastKnownFileType = folder.assetcatalog; path = Assets.xcassets; sourceTree = "<group>"; };
		4F121AC020D0EC24009FD25F /* Base */ = {isa = PBXFileReference; lastKnownFileType = file.storyboard; name = Base; path = Base.lproj/LaunchScreen.storyboard; sourceTree = "<group>"; };
		4F121AC220D0EC24009FD25F /* Info.plist */ = {isa = PBXFileReference; lastKnownFileType = text.plist.xml; path = Info.plist; sourceTree = "<group>"; };
		4F121AC320D0EC24009FD25F /* main.m */ = {isa = PBXFileReference; lastKnownFileType = sourcecode.c.objc; path = main.m; sourceTree = "<group>"; };
		4F121AC920D0EC24009FD25F /* StartUniversityTests.xctest */ = {isa = PBXFileReference; explicitFileType = wrapper.cfbundle; includeInIndex = 0; path = StartUniversityTests.xctest; sourceTree = BUILT_PRODUCTS_DIR; };
		4F121ACD20D0EC24009FD25F /* StartUniversityTests.m */ = {isa = PBXFileReference; lastKnownFileType = sourcecode.c.objc; path = StartUniversityTests.m; sourceTree = "<group>"; };
		4F121ACF20D0EC24009FD25F /* Info.plist */ = {isa = PBXFileReference; lastKnownFileType = text.plist.xml; path = Info.plist; sourceTree = "<group>"; };
		4F121AD420D0EC24009FD25F /* StartUniversityUITests.xctest */ = {isa = PBXFileReference; explicitFileType = wrapper.cfbundle; includeInIndex = 0; path = StartUniversityUITests.xctest; sourceTree = BUILT_PRODUCTS_DIR; };
		4F121AD820D0EC24009FD25F /* StartUniversityUITests.m */ = {isa = PBXFileReference; lastKnownFileType = sourcecode.c.objc; path = StartUniversityUITests.m; sourceTree = "<group>"; };
		4F121ADA20D0EC24009FD25F /* Info.plist */ = {isa = PBXFileReference; lastKnownFileType = text.plist.xml; path = Info.plist; sourceTree = "<group>"; };
		4F121AE720D0EE7B009FD25F /* SUMainTabBarController.h */ = {isa = PBXFileReference; lastKnownFileType = sourcecode.c.h; path = SUMainTabBarController.h; sourceTree = "<group>"; };
		4F121AE820D0EE7B009FD25F /* SUMainTabBarController.m */ = {isa = PBXFileReference; lastKnownFileType = sourcecode.c.objc; path = SUMainTabBarController.m; sourceTree = "<group>"; };
		4F121AED20D0EFA2009FD25F /* SUPersonalCenterViewController.h */ = {isa = PBXFileReference; lastKnownFileType = sourcecode.c.h; path = SUPersonalCenterViewController.h; sourceTree = "<group>"; };
		4F121AEE20D0EFA2009FD25F /* SUPersonalCenterViewController.m */ = {isa = PBXFileReference; lastKnownFileType = sourcecode.c.objc; path = SUPersonalCenterViewController.m; sourceTree = "<group>"; };
		4F121AF120D0EFE6009FD25F /* SUMessageViewController.h */ = {isa = PBXFileReference; lastKnownFileType = sourcecode.c.h; path = SUMessageViewController.h; sourceTree = "<group>"; };
		4F121AF220D0EFE6009FD25F /* SUMessageViewController.m */ = {isa = PBXFileReference; lastKnownFileType = sourcecode.c.objc; path = SUMessageViewController.m; sourceTree = "<group>"; };
		4F121AF420D0F00C009FD25F /* SUCircleFriendsViewController.h */ = {isa = PBXFileReference; lastKnownFileType = sourcecode.c.h; path = SUCircleFriendsViewController.h; sourceTree = "<group>"; };
		4F121AF520D0F00C009FD25F /* SUCircleFriendsViewController.m */ = {isa = PBXFileReference; lastKnownFileType = sourcecode.c.objc; path = SUCircleFriendsViewController.m; sourceTree = "<group>"; };
		4F121AF720D0FBDE009FD25F /* SUBasicViewController.h */ = {isa = PBXFileReference; lastKnownFileType = sourcecode.c.h; path = SUBasicViewController.h; sourceTree = "<group>"; };
		4F121AF820D0FBDE009FD25F /* SUBasicViewController.m */ = {isa = PBXFileReference; lastKnownFileType = sourcecode.c.objc; path = SUBasicViewController.m; sourceTree = "<group>"; };
		4F121AFD20D11739009FD25F /* PrefixHeader.pch */ = {isa = PBXFileReference; lastKnownFileType = sourcecode.c.h; path = PrefixHeader.pch; sourceTree = "<group>"; };
		4F121AFF20D118B0009FD25F /* UtilsMacro.h */ = {isa = PBXFileReference; lastKnownFileType = sourcecode.c.h; path = UtilsMacro.h; sourceTree = "<group>"; };
		5BAD8B9F59CB9DE5372C7D49 /* libPods-StartUniversityTests.a */ = {isa = PBXFileReference; explicitFileType = archive.ar; includeInIndex = 0; path = "libPods-StartUniversityTests.a"; sourceTree = BUILT_PRODUCTS_DIR; };
		5E3DB881D2646B38B29A1EE7 /* Pods-StartUniversity.debug.xcconfig */ = {isa = PBXFileReference; includeInIndex = 1; lastKnownFileType = text.xcconfig; name = "Pods-StartUniversity.debug.xcconfig"; path = "Pods/Target Support Files/Pods-StartUniversity/Pods-StartUniversity.debug.xcconfig"; sourceTree = "<group>"; };
		633DFA0BF2D4E005EBFC3C34 /* Pods-StartUniversity.release.xcconfig */ = {isa = PBXFileReference; includeInIndex = 1; lastKnownFileType = text.xcconfig; name = "Pods-StartUniversity.release.xcconfig"; path = "Pods/Target Support Files/Pods-StartUniversity/Pods-StartUniversity.release.xcconfig"; sourceTree = "<group>"; };
		6A6D6568036E549CCFD06C4E /* libPods-StartUniversityUITests.a */ = {isa = PBXFileReference; explicitFileType = archive.ar; includeInIndex = 0; path = "libPods-StartUniversityUITests.a"; sourceTree = BUILT_PRODUCTS_DIR; };
		7456185EE839BCECE4675729 /* libPods-StartUniversity.a */ = {isa = PBXFileReference; explicitFileType = archive.ar; includeInIndex = 0; path = "libPods-StartUniversity.a"; sourceTree = BUILT_PRODUCTS_DIR; };
/* End PBXFileReference section */

/* Begin PBXFrameworksBuildPhase section */
		4F121AAE20D0EC23009FD25F /* Frameworks */ = {
			isa = PBXFrameworksBuildPhase;
			buildActionMask = 2147483647;
			files = (
				0CAB44A5D62BB0FE8FBE7204 /* libPods-StartUniversity.a in Frameworks */,
			);
			runOnlyForDeploymentPostprocessing = 0;
		};
		4F121AC620D0EC24009FD25F /* Frameworks */ = {
			isa = PBXFrameworksBuildPhase;
			buildActionMask = 2147483647;
			files = (
			);
			runOnlyForDeploymentPostprocessing = 0;
		};
		4F121AD120D0EC24009FD25F /* Frameworks */ = {
			isa = PBXFrameworksBuildPhase;
			buildActionMask = 2147483647;
			files = (
			);
			runOnlyForDeploymentPostprocessing = 0;
		};
/* End PBXFrameworksBuildPhase section */

/* Begin PBXGroup section */
		0A71209552F293195E551065 /* Frameworks */ = {
			isa = PBXGroup;
			children = (
				7456185EE839BCECE4675729 /* libPods-StartUniversity.a */,
				5BAD8B9F59CB9DE5372C7D49 /* libPods-StartUniversityTests.a */,
				6A6D6568036E549CCFD06C4E /* libPods-StartUniversityUITests.a */,
			);
			name = Frameworks;
			sourceTree = "<group>";
		};
		4F121AA820D0EC23009FD25F = {
			isa = PBXGroup;
			children = (
				4F121AB320D0EC23009FD25F /* StartUniversity */,
				4F121ACC20D0EC24009FD25F /* StartUniversityTests */,
				4F121AD720D0EC24009FD25F /* StartUniversityUITests */,
				4F121AB220D0EC23009FD25F /* Products */,
				74B5634572FADF80E7C328A0 /* Pods */,
				0A71209552F293195E551065 /* Frameworks */,
			);
			sourceTree = "<group>";
		};
		4F121AB220D0EC23009FD25F /* Products */ = {
			isa = PBXGroup;
			children = (
				4F121AB120D0EC23009FD25F /* StartUniversity.app */,
				4F121AC920D0EC24009FD25F /* StartUniversityTests.xctest */,
				4F121AD420D0EC24009FD25F /* StartUniversityUITests.xctest */,
			);
			name = Products;
			sourceTree = "<group>";
		};
		4F121AB320D0EC23009FD25F /* StartUniversity */ = {
			isa = PBXGroup;
			children = (
				4F121AFE20D11874009FD25F /* GlobalUnique */,
				4F121AEC20D0EF57009FD25F /* CircleFriends */,
				4F121AEB20D0EF43009FD25F /* Message */,
				4F121AEA20D0EEF8009FD25F /* UserCenter */,
				4F121AE620D0EE2E009FD25F /* BaseViewControllers */,
				4F121AB420D0EC23009FD25F /* AppDelegate.h */,
				4F121AB520D0EC23009FD25F /* AppDelegate.m */,
				4F121AFD20D11739009FD25F /* PrefixHeader.pch */,
				4F121ABD20D0EC24009FD25F /* Assets.xcassets */,
				4F121ABF20D0EC24009FD25F /* LaunchScreen.storyboard */,
				4F121AC220D0EC24009FD25F /* Info.plist */,
				4F121AC320D0EC24009FD25F /* main.m */,
			);
			path = StartUniversity;
			sourceTree = "<group>";
		};
		4F121ACC20D0EC24009FD25F /* StartUniversityTests */ = {
			isa = PBXGroup;
			children = (
				4F121ACD20D0EC24009FD25F /* StartUniversityTests.m */,
				4F121ACF20D0EC24009FD25F /* Info.plist */,
			);
			path = StartUniversityTests;
			sourceTree = "<group>";
		};
		4F121AD720D0EC24009FD25F /* StartUniversityUITests */ = {
			isa = PBXGroup;
			children = (
				4F121AD820D0EC24009FD25F /* StartUniversityUITests.m */,
				4F121ADA20D0EC24009FD25F /* Info.plist */,
			);
			path = StartUniversityUITests;
			sourceTree = "<group>";
		};
		4F121AE620D0EE2E009FD25F /* BaseViewControllers */ = {
			isa = PBXGroup;
			children = (
				4F121AE720D0EE7B009FD25F /* SUMainTabBarController.h */,
				4F121AE820D0EE7B009FD25F /* SUMainTabBarController.m */,
				4F121AF720D0FBDE009FD25F /* SUBasicViewController.h */,
				4F121AF820D0FBDE009FD25F /* SUBasicViewController.m */,
			);
			path = BaseViewControllers;
			sourceTree = "<group>";
		};
		4F121AEA20D0EEF8009FD25F /* UserCenter */ = {
			isa = PBXGroup;
			children = (
				4F121AED20D0EFA2009FD25F /* SUPersonalCenterViewController.h */,
				4F121AEE20D0EFA2009FD25F /* SUPersonalCenterViewController.m */,
			);
			path = UserCenter;
			sourceTree = "<group>";
		};
		4F121AEB20D0EF43009FD25F /* Message */ = {
			isa = PBXGroup;
			children = (
				4F121AF120D0EFE6009FD25F /* SUMessageViewController.h */,
				4F121AF220D0EFE6009FD25F /* SUMessageViewController.m */,
			);
			path = Message;
			sourceTree = "<group>";
		};
		4F121AEC20D0EF57009FD25F /* CircleFriends */ = {
			isa = PBXGroup;
			children = (
				4F121AF420D0F00C009FD25F /* SUCircleFriendsViewController.h */,
				4F121AF520D0F00C009FD25F /* SUCircleFriendsViewController.m */,
			);
			path = CircleFriends;
			sourceTree = "<group>";
		};
		4F121AFE20D11874009FD25F /* GlobalUnique */ = {
			isa = PBXGroup;
			children = (
				4F121AFF20D118B0009FD25F /* UtilsMacro.h */,
			);
			path = GlobalUnique;
			sourceTree = "<group>";
		};
		74B5634572FADF80E7C328A0 /* Pods */ = {
			isa = PBXGroup;
			children = (
				5E3DB881D2646B38B29A1EE7 /* Pods-StartUniversity.debug.xcconfig */,
				633DFA0BF2D4E005EBFC3C34 /* Pods-StartUniversity.release.xcconfig */,
			);
			name = Pods;
			sourceTree = "<group>";
		};
/* End PBXGroup section */

/* Begin PBXNativeTarget section */
		4F121AB020D0EC23009FD25F /* StartUniversity */ = {
			isa = PBXNativeTarget;
			buildConfigurationList = 4F121ADD20D0EC24009FD25F /* Build configuration list for PBXNativeTarget "StartUniversity" */;
			buildPhases = (
				1CE5E9962BF23DAEE7F5AC0A /* [CP] Check Pods Manifest.lock */,
				4F121AAD20D0EC23009FD25F /* Sources */,
				4F121AAE20D0EC23009FD25F /* Frameworks */,
				4F121AAF20D0EC23009FD25F /* Resources */,
				1778D0D603E4C082456B2F41 /* [CP] Copy Pods Resources */,
			);
			buildRules = (
			);
			dependencies = (
			);
			name = StartUniversity;
			productName = StartUniversity;
			productReference = 4F121AB120D0EC23009FD25F /* StartUniversity.app */;
			productType = "com.apple.product-type.application";
		};
		4F121AC820D0EC24009FD25F /* StartUniversityTests */ = {
			isa = PBXNativeTarget;
			buildConfigurationList = 4F121AE020D0EC24009FD25F /* Build configuration list for PBXNativeTarget "StartUniversityTests" */;
			buildPhases = (
				4F121AC520D0EC24009FD25F /* Sources */,
				4F121AC620D0EC24009FD25F /* Frameworks */,
				4F121AC720D0EC24009FD25F /* Resources */,
			);
			buildRules = (
			);
			dependencies = (
				4F121ACB20D0EC24009FD25F /* PBXTargetDependency */,
			);
			name = StartUniversityTests;
			productName = StartUniversityTests;
			productReference = 4F121AC920D0EC24009FD25F /* StartUniversityTests.xctest */;
			productType = "com.apple.product-type.bundle.unit-test";
		};
		4F121AD320D0EC24009FD25F /* StartUniversityUITests */ = {
			isa = PBXNativeTarget;
			buildConfigurationList = 4F121AE320D0EC24009FD25F /* Build configuration list for PBXNativeTarget "StartUniversityUITests" */;
			buildPhases = (
				4F121AD020D0EC24009FD25F /* Sources */,
				4F121AD120D0EC24009FD25F /* Frameworks */,
				4F121AD220D0EC24009FD25F /* Resources */,
			);
			buildRules = (
			);
			dependencies = (
				4F121AD620D0EC24009FD25F /* PBXTargetDependency */,
			);
			name = StartUniversityUITests;
			productName = StartUniversityUITests;
			productReference = 4F121AD420D0EC24009FD25F /* StartUniversityUITests.xctest */;
			productType = "com.apple.product-type.bundle.ui-testing";
		};
/* End PBXNativeTarget section */

/* Begin PBXProject section */
		4F121AA920D0EC23009FD25F /* Project object */ = {
			isa = PBXProject;
			attributes = {
				LastUpgradeCheck = 0930;
				ORGANIZATIONNAME = "苏强";
				TargetAttributes = {
					4F121AB020D0EC23009FD25F = {
						CreatedOnToolsVersion = 9.3;
					};
					4F121AC820D0EC24009FD25F = {
						CreatedOnToolsVersion = 9.3;
						TestTargetID = 4F121AB020D0EC23009FD25F;
					};
					4F121AD320D0EC24009FD25F = {
						CreatedOnToolsVersion = 9.3;
						TestTargetID = 4F121AB020D0EC23009FD25F;
					};
				};
			};
			buildConfigurationList = 4F121AAC20D0EC23009FD25F /* Build configuration list for PBXProject "StartUniversity" */;
			compatibilityVersion = "Xcode 9.3";
			developmentRegion = en;
			hasScannedForEncodings = 0;
			knownRegions = (
				en,
				Base,
			);
			mainGroup = 4F121AA820D0EC23009FD25F;
			productRefGroup = 4F121AB220D0EC23009FD25F /* Products */;
			projectDirPath = "";
			projectRoot = "";
			targets = (
				4F121AB020D0EC23009FD25F /* StartUniversity */,
				4F121AC820D0EC24009FD25F /* StartUniversityTests */,
				4F121AD320D0EC24009FD25F /* StartUniversityUITests */,
			);
		};
/* End PBXProject section */

/* Begin PBXResourcesBuildPhase section */
		4F121AAF20D0EC23009FD25F /* Resources */ = {
			isa = PBXResourcesBuildPhase;
			buildActionMask = 2147483647;
			files = (
				4F121AC120D0EC24009FD25F /* LaunchScreen.storyboard in Resources */,
				4F121ABE20D0EC24009FD25F /* Assets.xcassets in Resources */,
			);
			runOnlyForDeploymentPostprocessing = 0;
		};
		4F121AC720D0EC24009FD25F /* Resources */ = {
			isa = PBXResourcesBuildPhase;
			buildActionMask = 2147483647;
			files = (
			);
			runOnlyForDeploymentPostprocessing = 0;
		};
		4F121AD220D0EC24009FD25F /* Resources */ = {
			isa = PBXResourcesBuildPhase;
			buildActionMask = 2147483647;
			files = (
			);
			runOnlyForDeploymentPostprocessing = 0;
		};
/* End PBXResourcesBuildPhase section */

/* Begin PBXShellScriptBuildPhase section */
		1778D0D603E4C082456B2F41 /* [CP] Copy Pods Resources */ = {
			isa = PBXShellScriptBuildPhase;
			buildActionMask = 2147483647;
			files = (
			);
			inputPaths = (
				"${SRCROOT}/Pods/Target Support Files/Pods-StartUniversity/Pods-StartUniversity-resources.sh",
				"${PODS_ROOT}/MJRefresh/MJRefresh/MJRefresh.bundle",
			);
			name = "[CP] Copy Pods Resources";
			outputPaths = (
				"${TARGET_BUILD_DIR}/${UNLOCALIZED_RESOURCES_FOLDER_PATH}/MJRefresh.bundle",
			);
			runOnlyForDeploymentPostprocessing = 0;
			shellPath = /bin/sh;
			shellScript = "\"${SRCROOT}/Pods/Target Support Files/Pods-StartUniversity/Pods-StartUniversity-resources.sh\"\n";
			showEnvVarsInLog = 0;
		};
		1CE5E9962BF23DAEE7F5AC0A /* [CP] Check Pods Manifest.lock */ = {
			isa = PBXShellScriptBuildPhase;
			buildActionMask = 2147483647;
			files = (
			);
			inputPaths = (
				"${PODS_PODFILE_DIR_PATH}/Podfile.lock",
				"${PODS_ROOT}/Manifest.lock",
			);
			name = "[CP] Check Pods Manifest.lock";
			outputPaths = (
				"$(DERIVED_FILE_DIR)/Pods-StartUniversity-checkManifestLockResult.txt",
			);
			runOnlyForDeploymentPostprocessing = 0;
			shellPath = /bin/sh;
			shellScript = "diff \"${PODS_PODFILE_DIR_PATH}/Podfile.lock\" \"${PODS_ROOT}/Manifest.lock\" > /dev/null\nif [ $? != 0 ] ; then\n    # print error to STDERR\n    echo \"error: The sandbox is not in sync with the Podfile.lock. Run 'pod install' or update your CocoaPods installation.\" >&2\n    exit 1\nfi\n# This output is used by Xcode 'outputs' to avoid re-running this script phase.\necho \"SUCCESS\" > \"${SCRIPT_OUTPUT_FILE_0}\"\n";
			showEnvVarsInLog = 0;
		};
/* End PBXShellScriptBuildPhase section */

/* Begin PBXSourcesBuildPhase section */
		4F121AAD20D0EC23009FD25F /* Sources */ = {
			isa = PBXSourcesBuildPhase;
			buildActionMask = 2147483647;
			files = (
				4F121AC420D0EC24009FD25F /* main.m in Sources */,
				4F121AF920D0FBDE009FD25F /* SUBasicViewController.m in Sources */,
				4F121AB620D0EC23009FD25F /* AppDelegate.m in Sources */,
				4F121AF320D0EFE6009FD25F /* SUMessageViewController.m in Sources */,
				4F121AEF20D0EFA2009FD25F /* SUPersonalCenterViewController.m in Sources */,
				4F121AF620D0F00C009FD25F /* SUCircleFriendsViewController.m in Sources */,
				4F121AE920D0EE7B009FD25F /* SUMainTabBarController.m in Sources */,
			);
			runOnlyForDeploymentPostprocessing = 0;
		};
		4F121AC520D0EC24009FD25F /* Sources */ = {
			isa = PBXSourcesBuildPhase;
			buildActionMask = 2147483647;
			files = (
				4F121ACE20D0EC24009FD25F /* StartUniversityTests.m in Sources */,
			);
			runOnlyForDeploymentPostprocessing = 0;
		};
		4F121AD020D0EC24009FD25F /* Sources */ = {
			isa = PBXSourcesBuildPhase;
			buildActionMask = 2147483647;
			files = (
				4F121AD920D0EC24009FD25F /* StartUniversityUITests.m in Sources */,
			);
			runOnlyForDeploymentPostprocessing = 0;
		};
/* End PBXSourcesBuildPhase section */

/* Begin PBXTargetDependency section */
		4F121ACB20D0EC24009FD25F /* PBXTargetDependency */ = {
			isa = PBXTargetDependency;
			target = 4F121AB020D0EC23009FD25F /* StartUniversity */;
			targetProxy = 4F121ACA20D0EC24009FD25F /* PBXContainerItemProxy */;
		};
		4F121AD620D0EC24009FD25F /* PBXTargetDependency */ = {
			isa = PBXTargetDependency;
			target = 4F121AB020D0EC23009FD25F /* StartUniversity */;
			targetProxy = 4F121AD520D0EC24009FD25F /* PBXContainerItemProxy */;
		};
/* End PBXTargetDependency section */

/* Begin PBXVariantGroup section */
		4F121ABF20D0EC24009FD25F /* LaunchScreen.storyboard */ = {
			isa = PBXVariantGroup;
			children = (
				4F121AC020D0EC24009FD25F /* Base */,
			);
			name = LaunchScreen.storyboard;
			sourceTree = "<group>";
		};
/* End PBXVariantGroup section */

/* Begin XCBuildConfiguration section */
		4F121ADB20D0EC24009FD25F /* Debug */ = {
			isa = XCBuildConfiguration;
			buildSettings = {
				ALWAYS_SEARCH_USER_PATHS = NO;
				CLANG_ANALYZER_NONNULL = YES;
				CLANG_ANALYZER_NUMBER_OBJECT_CONVERSION = YES_AGGRESSIVE;
				CLANG_CXX_LANGUAGE_STANDARD = "gnu++14";
				CLANG_CXX_LIBRARY = "libc++";
				CLANG_ENABLE_MODULES = YES;
				CLANG_ENABLE_OBJC_ARC = YES;
				CLANG_ENABLE_OBJC_WEAK = YES;
				CLANG_WARN_BLOCK_CAPTURE_AUTORELEASING = YES;
				CLANG_WARN_BOOL_CONVERSION = YES;
				CLANG_WARN_COMMA = YES;
				CLANG_WARN_CONSTANT_CONVERSION = YES;
				CLANG_WARN_DEPRECATED_OBJC_IMPLEMENTATIONS = YES;
				CLANG_WARN_DIRECT_OBJC_ISA_USAGE = YES_ERROR;
				CLANG_WARN_DOCUMENTATION_COMMENTS = YES;
				CLANG_WARN_EMPTY_BODY = YES;
				CLANG_WARN_ENUM_CONVERSION = YES;
				CLANG_WARN_INFINITE_RECURSION = YES;
				CLANG_WARN_INT_CONVERSION = YES;
				CLANG_WARN_NON_LITERAL_NULL_CONVERSION = YES;
				CLANG_WARN_OBJC_IMPLICIT_RETAIN_SELF = YES;
				CLANG_WARN_OBJC_LITERAL_CONVERSION = YES;
				CLANG_WARN_OBJC_ROOT_CLASS = YES_ERROR;
				CLANG_WARN_RANGE_LOOP_ANALYSIS = YES;
				CLANG_WARN_STRICT_PROTOTYPES = YES;
				CLANG_WARN_SUSPICIOUS_MOVE = YES;
				CLANG_WARN_UNGUARDED_AVAILABILITY = YES_AGGRESSIVE;
				CLANG_WARN_UNREACHABLE_CODE = YES;
				CLANG_WARN__DUPLICATE_METHOD_MATCH = YES;
				CODE_SIGN_IDENTITY = "iPhone Developer";
				COPY_PHASE_STRIP = NO;
				DEBUG_INFORMATION_FORMAT = dwarf;
				ENABLE_STRICT_OBJC_MSGSEND = YES;
				ENABLE_TESTABILITY = YES;
				GCC_C_LANGUAGE_STANDARD = gnu11;
				GCC_DYNAMIC_NO_PIC = NO;
				GCC_NO_COMMON_BLOCKS = YES;
				GCC_OPTIMIZATION_LEVEL = 0;
				GCC_PREPROCESSOR_DEFINITIONS = (
					"DEBUG=1",
					"$(inherited)",
				);
				GCC_WARN_64_TO_32_BIT_CONVERSION = YES;
				GCC_WARN_ABOUT_RETURN_TYPE = YES_ERROR;
				GCC_WARN_UNDECLARED_SELECTOR = YES;
				GCC_WARN_UNINITIALIZED_AUTOS = YES_AGGRESSIVE;
				GCC_WARN_UNUSED_FUNCTION = YES;
				GCC_WARN_UNUSED_VARIABLE = YES;
				IPHONEOS_DEPLOYMENT_TARGET = 11.3;
				MTL_ENABLE_DEBUG_INFO = YES;
				ONLY_ACTIVE_ARCH = YES;
				SDKROOT = iphoneos;
			};
			name = Debug;
		};
		4F121ADC20D0EC24009FD25F /* Release */ = {
			isa = XCBuildConfiguration;
			buildSettings = {
				ALWAYS_SEARCH_USER_PATHS = NO;
				CLANG_ANALYZER_NONNULL = YES;
				CLANG_ANALYZER_NUMBER_OBJECT_CONVERSION = YES_AGGRESSIVE;
				CLANG_CXX_LANGUAGE_STANDARD = "gnu++14";
				CLANG_CXX_LIBRARY = "libc++";
				CLANG_ENABLE_MODULES = YES;
				CLANG_ENABLE_OBJC_ARC = YES;
				CLANG_ENABLE_OBJC_WEAK = YES;
				CLANG_WARN_BLOCK_CAPTURE_AUTORELEASING = YES;
				CLANG_WARN_BOOL_CONVERSION = YES;
				CLANG_WARN_COMMA = YES;
				CLANG_WARN_CONSTANT_CONVERSION = YES;
				CLANG_WARN_DEPRECATED_OBJC_IMPLEMENTATIONS = YES;
				CLANG_WARN_DIRECT_OBJC_ISA_USAGE = YES_ERROR;
				CLANG_WARN_DOCUMENTATION_COMMENTS = YES;
				CLANG_WARN_EMPTY_BODY = YES;
				CLANG_WARN_ENUM_CONVERSION = YES;
				CLANG_WARN_INFINITE_RECURSION = YES;
				CLANG_WARN_INT_CONVERSION = YES;
				CLANG_WARN_NON_LITERAL_NULL_CONVERSION = YES;
				CLANG_WARN_OBJC_IMPLICIT_RETAIN_SELF = YES;
				CLANG_WARN_OBJC_LITERAL_CONVERSION = YES;
				CLANG_WARN_OBJC_ROOT_CLASS = YES_ERROR;
				CLANG_WARN_RANGE_LOOP_ANALYSIS = YES;
				CLANG_WARN_STRICT_PROTOTYPES = YES;
				CLANG_WARN_SUSPICIOUS_MOVE = YES;
				CLANG_WARN_UNGUARDED_AVAILABILITY = YES_AGGRESSIVE;
				CLANG_WARN_UNREACHABLE_CODE = YES;
				CLANG_WARN__DUPLICATE_METHOD_MATCH = YES;
				CODE_SIGN_IDENTITY = "iPhone Developer";
				COPY_PHASE_STRIP = NO;
				DEBUG_INFORMATION_FORMAT = "dwarf-with-dsym";
				ENABLE_NS_ASSERTIONS = NO;
				ENABLE_STRICT_OBJC_MSGSEND = YES;
				GCC_C_LANGUAGE_STANDARD = gnu11;
				GCC_NO_COMMON_BLOCKS = YES;
				GCC_WARN_64_TO_32_BIT_CONVERSION = YES;
				GCC_WARN_ABOUT_RETURN_TYPE = YES_ERROR;
				GCC_WARN_UNDECLARED_SELECTOR = YES;
				GCC_WARN_UNINITIALIZED_AUTOS = YES_AGGRESSIVE;
				GCC_WARN_UNUSED_FUNCTION = YES;
				GCC_WARN_UNUSED_VARIABLE = YES;
				IPHONEOS_DEPLOYMENT_TARGET = 11.3;
				MTL_ENABLE_DEBUG_INFO = NO;
				SDKROOT = iphoneos;
				VALIDATE_PRODUCT = YES;
			};
			name = Release;
		};
		4F121ADE20D0EC24009FD25F /* Debug */ = {
			isa = XCBuildConfiguration;
			baseConfigurationReference = 5E3DB881D2646B38B29A1EE7 /* Pods-StartUniversity.debug.xcconfig */;
			buildSettings = {
				ASSETCATALOG_COMPILER_APPICON_NAME = AppIcon;
				ASSETCATALOG_COMPILER_LAUNCHIMAGE_NAME = LaunchImage;
				CODE_SIGN_STYLE = Automatic;
				DEVELOPMENT_TEAM = 32JYK7XX3V;
				GCC_PRECOMPILE_PREFIX_HEADER = YES;
				GCC_PREFIX_HEADER = "$(SRCROOT)/StartUniversity/PrefixHeader.pch";
				INFOPLIST_FILE = StartUniversity/Info.plist;
				IPHONEOS_DEPLOYMENT_TARGET = 9.0;
				LD_RUNPATH_SEARCH_PATHS = (
					"$(inherited)",
					"@executable_path/Frameworks",
				);
				PRODUCT_BUNDLE_IDENTIFIER = John.StartUniversity;
				PRODUCT_NAME = "$(TARGET_NAME)";
				TARGETED_DEVICE_FAMILY = "1,2";
			};
			name = Debug;
		};
		4F121ADF20D0EC24009FD25F /* Release */ = {
			isa = XCBuildConfiguration;
			baseConfigurationReference = 633DFA0BF2D4E005EBFC3C34 /* Pods-StartUniversity.release.xcconfig */;
			buildSettings = {
				ASSETCATALOG_COMPILER_APPICON_NAME = AppIcon;
				ASSETCATALOG_COMPILER_LAUNCHIMAGE_NAME = LaunchImage;
				CODE_SIGN_STYLE = Automatic;
				DEVELOPMENT_TEAM = 32JYK7XX3V;
				GCC_PRECOMPILE_PREFIX_HEADER = YES;
				GCC_PREFIX_HEADER = "$(SRCROOT)/StartUniversity/PrefixHeader.pch";
				INFOPLIST_FILE = StartUniversity/Info.plist;
				IPHONEOS_DEPLOYMENT_TARGET = 9.0;
				LD_RUNPATH_SEARCH_PATHS = (
					"$(inherited)",
					"@executable_path/Frameworks",
				);
				PRODUCT_BUNDLE_IDENTIFIER = John.StartUniversity;
				PRODUCT_NAME = "$(TARGET_NAME)";
				TARGETED_DEVICE_FAMILY = "1,2";
			};
			name = Release;
		};
		4F121AE120D0EC24009FD25F /* Debug */ = {
			isa = XCBuildConfiguration;
			buildSettings = {
				BUNDLE_LOADER = "$(TEST_HOST)";
				CODE_SIGN_STYLE = Automatic;
				INFOPLIST_FILE = StartUniversityTests/Info.plist;
				LD_RUNPATH_SEARCH_PATHS = (
					"$(inherited)",
					"@executable_path/Frameworks",
					"@loader_path/Frameworks",
				);
				PRODUCT_BUNDLE_IDENTIFIER = John.StartUniversityTests;
				PRODUCT_NAME = "$(TARGET_NAME)";
				TARGETED_DEVICE_FAMILY = "1,2";
				TEST_HOST = "$(BUILT_PRODUCTS_DIR)/StartUniversity.app/StartUniversity";
			};
			name = Debug;
		};
		4F121AE220D0EC24009FD25F /* Release */ = {
			isa = XCBuildConfiguration;
			buildSettings = {
				BUNDLE_LOADER = "$(TEST_HOST)";
				CODE_SIGN_STYLE = Automatic;
				INFOPLIST_FILE = StartUniversityTests/Info.plist;
				LD_RUNPATH_SEARCH_PATHS = (
					"$(inherited)",
					"@executable_path/Frameworks",
					"@loader_path/Frameworks",
				);
				PRODUCT_BUNDLE_IDENTIFIER = John.StartUniversityTests;
				PRODUCT_NAME = "$(TARGET_NAME)";
				TARGETED_DEVICE_FAMILY = "1,2";
				TEST_HOST = "$(BUILT_PRODUCTS_DIR)/StartUniversity.app/StartUniversity";
			};
			name = Release;
		};
		4F121AE420D0EC24009FD25F /* Debug */ = {
			isa = XCBuildConfiguration;
			buildSettings = {
				CODE_SIGN_STYLE = Automatic;
				INFOPLIST_FILE = StartUniversityUITests/Info.plist;
				LD_RUNPATH_SEARCH_PATHS = (
					"$(inherited)",
					"@executable_path/Frameworks",
					"@loader_path/Frameworks",
				);
				PRODUCT_BUNDLE_IDENTIFIER = John.StartUniversityUITests;
				PRODUCT_NAME = "$(TARGET_NAME)";
				TARGETED_DEVICE_FAMILY = "1,2";
				TEST_TARGET_NAME = StartUniversity;
			};
			name = Debug;
		};
		4F121AE520D0EC24009FD25F /* Release */ = {
			isa = XCBuildConfiguration;
			buildSettings = {
				CODE_SIGN_STYLE = Automatic;
				INFOPLIST_FILE = StartUniversityUITests/Info.plist;
				LD_RUNPATH_SEARCH_PATHS = (
					"$(inherited)",
					"@executable_path/Frameworks",
					"@loader_path/Frameworks",
				);
				PRODUCT_BUNDLE_IDENTIFIER = John.StartUniversityUITests;
				PRODUCT_NAME = "$(TARGET_NAME)";
				TARGETED_DEVICE_FAMILY = "1,2";
				TEST_TARGET_NAME = StartUniversity;
			};
			name = Release;
		};
/* End XCBuildConfiguration section */

/* Begin XCConfigurationList section */
		4F121AAC20D0EC23009FD25F /* Build configuration list for PBXProject "StartUniversity" */ = {
			isa = XCConfigurationList;
			buildConfigurations = (
				4F121ADB20D0EC24009FD25F /* Debug */,
				4F121ADC20D0EC24009FD25F /* Release */,
			);
			defaultConfigurationIsVisible = 0;
			defaultConfigurationName = Release;
		};
		4F121ADD20D0EC24009FD25F /* Build configuration list for PBXNativeTarget "StartUniversity" */ = {
			isa = XCConfigurationList;
			buildConfigurations = (
				4F121ADE20D0EC24009FD25F /* Debug */,
				4F121ADF20D0EC24009FD25F /* Release */,
			);
			defaultConfigurationIsVisible = 0;
			defaultConfigurationName = Release;
		};
		4F121AE020D0EC24009FD25F /* Build configuration list for PBXNativeTarget "StartUniversityTests" */ = {
			isa = XCConfigurationList;
			buildConfigurations = (
				4F121AE120D0EC24009FD25F /* Debug */,
				4F121AE220D0EC24009FD25F /* Release */,
			);
			defaultConfigurationIsVisible = 0;
			defaultConfigurationName = Release;
		};
		4F121AE320D0EC24009FD25F /* Build configuration list for PBXNativeTarget "StartUniversityUITests" */ = {
			isa = XCConfigurationList;
			buildConfigurations = (
				4F121AE420D0EC24009FD25F /* Debug */,
				4F121AE520D0EC24009FD25F /* Release */,
			);
			defaultConfigurationIsVisible = 0;
			defaultConfigurationName = Release;
		};
/* End XCConfigurationList section */
	};
	rootObject = 4F121AA920D0EC23009FD25F /* Project object */;
}
